
Microsoft Visual Studio Solution File, Format Version 12.00
# Visual Studio 15
Project("{FAE04EC0-301F-11D3-BF4B-00C04F79EFBC}") = "UnityEngine.TestRunner", "UnityEngine.TestRunner.csproj", "{F4124C74-6D3D-EBAF-D27D-B5125FB3C8DE}"
EndProject
Project("{FAE04EC0-301F-11D3-BF4B-00C04F79EFBC}") = "Unity.VisualScripting.Flow", "Unity.VisualScripting.Flow.csproj", "{E034CA79-4EBC-5077-1496-67F5F70A0DFF}"
EndProject
Project("{FAE04EC0-301F-11D3-BF4B-00C04F79EFBC}") = "Unity.Mathematics", "Unity.Mathematics.csproj", "{EEBFBE07-69A7-6270-68DB-08DDB97BA343}"
EndProject
Project("{FAE04EC0-301F-11D3-BF4B-00C04F79EFBC}") = "Unity.VisualScripting.State", "Unity.VisualScripting.State.csproj", "{F573CD38-9318-5A62-B02C-C444E1C4BBB8}"
EndProject
Project("{FAE04EC0-301F-11D3-BF4B-00C04F79EFBC}") = "Unity.VisualScripting.Core", "Unity.VisualScripting.Core.csproj", "{EA6AF5A4-F949-CB62-C3C3-3E7CD119A8A0}"
EndProject
Project("{FAE04EC0-301F-11D3-BF4B-00C04F79EFBC}") = "Unity.2D.Animation.Runtime", "Unity.2D.Animation.Runtime.csproj", "{E39116CD-D9A7-B303-8E42-CA815A071C36}"
EndProject
Project("{FAE04EC0-301F-11D3-BF4B-00C04F79EFBC}") = "Unity.TextMeshPro", "Unity.TextMeshPro.csproj", "{71A0991A-58F2-746B-6142-A397FE616F56}"
EndProject
Project("{FAE04EC0-301F-11D3-BF4B-00C04F79EFBC}") = "Unity.Timeline", "Unity.Timeline.csproj", "{72A25DED-F387-300B-83A5-0A3457340E16}"
EndProject
Project("{FAE04EC0-301F-11D3-BF4B-00C04F79EFBC}") = "Unity.Burst", "Unity.Burst.csproj", "{40B22DC3-DF72-17C8-859A-596212CEB3AE}"
EndProject
Project("{FAE04EC0-301F-11D3-BF4B-00C04F79EFBC}") = "Unity.2D.SpriteShape.Runtime", "Unity.2D.SpriteShape.Runtime.csproj", "{FE07FBDD-0532-7AFA-4601-5F12AF966D0E}"
EndProject
Project("{FAE04EC0-301F-11D3-BF4B-00C04F79EFBC}") = "Unity.2D.PixelPerfect", "Unity.2D.PixelPerfect.csproj", "{8B47ACF3-E8F3-BD1D-0847-C1B1D1A8D1CF}"
EndProject
Project("{FAE04EC0-301F-11D3-BF4B-00C04F79EFBC}") = "Unity.2D.Common.Runtime", "Unity.2D.Common.Runtime.csproj", "{F03DBCE3-7172-77EA-556D-5DDE5CA90BF6}"
EndProject
Project("{FAE04EC0-301F-11D3-BF4B-00C04F79EFBC}") = "Unity.2D.IK.Runtime", "Unity.2D.IK.Runtime.csproj", "{3363A1BE-2905-7F0C-7CB8-6EB582E113D1}"
EndProject
Project("{FAE04EC0-301F-11D3-BF4B-00C04F79EFBC}") = "Unity.2D.Tilemap.Extras", "Unity.2D.Tilemap.Extras.csproj", "{7D40600D-28D5-94BE-645D-70B1888DD00B}"
EndProject
Project("{FAE04EC0-301F-11D3-BF4B-00C04F79EFBC}") = "Unity.InternalAPIEngineBridge.001", "Unity.InternalAPIEngineBridge.001.csproj", "{EB836E3B-1A4F-9B87-8444-9F6815723C39}"
EndProject
Project("{FAE04EC0-301F-11D3-BF4B-00C04F79EFBC}") = "Assembly-CSharp", "Assembly-CSharp.csproj", "{5B9AB158-780D-075F-7030-5E2DED2A9081}"
EndProject
Project("{FAE04EC0-301F-11D3-BF4B-00C04F79EFBC}") = "Unity.PlasticSCM.Editor", "Unity.PlasticSCM.Editor.csproj", "{35D4EF87-815A-EF32-28D5-12EBCFF76312}"
EndProject
Project("{FAE04EC0-301F-11D3-BF4B-00C04F79EFBC}") = "Unity.VisualScripting.Core.Editor", "Unity.VisualScripting.Core.Editor.csproj", "{473E2D78-4BFA-3DC3-97F5-5827E7B7A8BB}"
EndProject
Project("{FAE04EC0-301F-11D3-BF4B-00C04F79EFBC}") = "Unity.VisualScripting.Flow.Editor", "Unity.VisualScripting.Flow.Editor.csproj", "{D4FD29C4-9AA1-F251-0566-FC4C7ACF14E2}"
EndProject
Project("{FAE04EC0-301F-11D3-BF4B-00C04F79EFBC}") = "Unity.2D.Aseprite.Editor", "Unity.2D.Aseprite.Editor.csproj", "{E3D7255C-BF43-D9F9-E6D2-4C55BBE0B399}"
EndProject
Project("{FAE04EC0-301F-11D3-BF4B-00C04F79EFBC}") = "Unity.VisualStudio.Editor", "Unity.VisualStudio.Editor.csproj", "{B02699D4-51A2-99E0-4F1F-BDE17A090A97}"
EndProject
Project("{FAE04EC0-301F-11D3-BF4B-00C04F79EFBC}") = "Unity.Timeline.Editor", "Unity.Timeline.Editor.csproj", "{FB78D35F-FD1B-E0DA-3F0A-DE946CBB3954}"
EndProject
Project("{FAE04EC0-301F-11D3-BF4B-00C04F79EFBC}") = "Unity.Burst.CodeGen", "Unity.Burst.CodeGen.csproj", "{3BC77ABE-94B2-2DA6-2D78-27A62D18C44E}"
EndProject
Project("{FAE04EC0-301F-11D3-BF4B-00C04F79EFBC}") = "Unity.VisualScripting.State.Editor", "Unity.VisualScripting.State.Editor.csproj", "{E865580A-1270-C874-8205-250B7A02722D}"
EndProject
Project("{FAE04EC0-301F-11D3-BF4B-00C04F79EFBC}") = "Unity.TextMeshPro.Editor", "Unity.TextMeshPro.Editor.csproj", "{6B28A684-FD92-4FD0-9897-8B04DB607E3F}"
EndProject
Project("{FAE04EC0-301F-11D3-BF4B-00C04F79EFBC}") = "Unity.Burst.Editor", "Unity.Burst.Editor.csproj", "{81F3618A-DB59-091B-AC8D-0592D2374F34}"
EndProject
Project("{FAE04EC0-301F-11D3-BF4B-00C04F79EFBC}") = "Unity.2D.PixelPerfect.Editor", "Unity.2D.PixelPerfect.Editor.csproj", "{CD9CB78D-4AD2-1B17-1461-1B73F0251AF0}"
EndProject
Project("{FAE04EC0-301F-11D3-BF4B-00C04F79EFBC}") = "Unity.2D.Animation.Editor", "Unity.2D.Animation.Editor.csproj", "{20DBEE05-9958-3F9F-4ADA-18F4EF6D634C}"
EndProject
Project("{FAE04EC0-301F-11D3-BF4B-00C04F79EFBC}") = "Unity.VisualScripting.SettingsProvider.Editor", "Unity.VisualScripting.SettingsProvider.Editor.csproj", "{8B0A7E75-97B9-E944-66C0-C9DC395B3244}"
EndProject
Project("{FAE04EC0-301F-11D3-BF4B-00C04F79EFBC}") = "Unity.2D.Psdimporter.Editor", "Unity.2D.Psdimporter.Editor.csproj", "{CE774B13-DA4C-4567-5CA7-1BCE0C46697B}"
EndProject
Project("{FAE04EC0-301F-11D3-BF4B-00C04F79EFBC}") = "UnityEditor.TestRunner", "UnityEditor.TestRunner.csproj", "{7590E704-2330-097C-9470-3E39B6735555}"
EndProject
Project("{FAE04EC0-301F-11D3-BF4B-00C04F79EFBC}") = "Unity.Rider.Editor", "Unity.Rider.Editor.csproj", "{0928C464-515E-8854-2AAF-8ED1B2724437}"
EndProject
Project("{FAE04EC0-301F-11D3-BF4B-00C04F79EFBC}") = "Unity.2D.Path.Editor", "Unity.2D.Path.Editor.csproj", "{7F0F4091-FCF7-D194-13C2-D7533C500929}"
EndProject
Project("{FAE04EC0-301F-11D3-BF4B-00C04F79EFBC}") = "PsdPlugin", "PsdPlugin.csproj", "{4A7BA8C4-C341-F139-89EE-78BF46FFFDDC}"
EndProject
Project("{FAE04EC0-301F-11D3-BF4B-00C04F79EFBC}") = "Unity.2D.IK.Editor", "Unity.2D.IK.Editor.csproj", "{9DFA1B2D-4928-7568-F543-75E6CB05F251}"
EndProject
Project("{FAE04EC0-301F-11D3-BF4B-00C04F79EFBC}") = "Unity.2D.SpriteShape.Editor", "Unity.2D.SpriteShape.Editor.csproj", "{C113088B-E366-D1CB-E2CC-3CBCDBCA3CA8}"
EndProject
Project("{FAE04EC0-301F-11D3-BF4B-00C04F79EFBC}") = "Unity.VSCode.Editor", "Unity.VSCode.Editor.csproj", "{43360412-7868-B962-ED64-79AE9EC27F20}"
EndProject
Project("{FAE04EC0-301F-11D3-BF4B-00C04F79EFBC}") = "Unity.2D.Common.Editor", "Unity.2D.Common.Editor.csproj", "{ED7EB37A-03C4-3FBD-6421-0FEC59C0D1EF}"
EndProject
Project("{FAE04EC0-301F-11D3-BF4B-00C04F79EFBC}") = "Unity.CollabProxy.Editor", "Unity.CollabProxy.Editor.csproj", "{1CF4FD3A-5597-6F11-A733-B8D9B6315034}"
EndProject
Project("{FAE04EC0-301F-11D3-BF4B-00C04F79EFBC}") = "Unity.Mathematics.Editor", "Unity.Mathematics.Editor.csproj", "{3194440B-5414-0CE2-E89F-B19EDF9752F4}"
EndProject
Project("{FAE04EC0-301F-11D3-BF4B-00C04F79EFBC}") = "Unity.InternalAPIEditorBridge.001", "Unity.InternalAPIEditorBridge.001.csproj", "{9CF070F8-C64B-AE66-2C89-E4DAC5BB954F}"
EndProject
Project("{FAE04EC0-301F-11D3-BF4B-00C04F79EFBC}") = "Unity.2D.Tilemap.Extras.Editor", "Unity.2D.Tilemap.Extras.Editor.csproj", "{DA189F98-D53A-E2C8-EA5F-3A0AEFF737FD}"
EndProject
Project("{FAE04EC0-301F-11D3-BF4B-00C04F79EFBC}") = "Unity.VisualScripting.Shared.Editor", "Unity.VisualScripting.Shared.Editor.csproj", "{1E1DD062-7031-CAF0-3C04-E9F05F1457E9}"
EndProject
Project("{FAE04EC0-301F-11D3-BF4B-00C04F79EFBC}") = "Unity.2D.Aseprite.Common", "Unity.2D.Aseprite.Common.csproj", "{17C7B10E-721E-78C9-8EC1-03CE4D9BCEC4}"
EndProject
Global
	GlobalSection(SolutionConfigurationPlatforms) = preSolution
		Debug|Any CPU = Debug|Any CPU
		Release|Any CPU = Release|Any CPU
	EndGlobalSection
	GlobalSection(ProjectConfigurationPlatforms) = postSolution
		{F4124C74-6D3D-EBAF-D27D-B5125FB3C8DE}.Debug|Any CPU.ActiveCfg = Debug|Any CPU
		{F4124C74-6D3D-EBAF-D27D-B5125FB3C8DE}.Debug|Any CPU.Build.0 = Debug|Any CPU
		{F4124C74-6D3D-EBAF-D27D-B5125FB3C8DE}.Release|Any CPU.ActiveCfg = Release|Any CPU
		{F4124C74-6D3D-EBAF-D27D-B5125FB3C8DE}.Release|Any CPU.Build.0 = Release|Any CPU
		{E034CA79-4EBC-5077-1496-67F5F70A0DFF}.Debug|Any CPU.ActiveCfg = Debug|Any CPU
		{E034CA79-4EBC-5077-1496-67F5F70A0DFF}.Debug|Any CPU.Build.0 = Debug|Any CPU
		{E034CA79-4EBC-5077-1496-67F5F70A0DFF}.Release|Any CPU.ActiveCfg = Release|Any CPU
		{E034CA79-4EBC-5077-1496-67F5F70A0DFF}.Release|Any CPU.Build.0 = Release|Any CPU
		{EEBFBE07-69A7-6270-68DB-08DDB97BA343}.Debug|Any CPU.ActiveCfg = Debug|Any CPU
		{EEBFBE07-69A7-6270-68DB-08DDB97BA343}.Debug|Any CPU.Build.0 = Debug|Any CPU
		{EEBFBE07-69A7-6270-68DB-08DDB97BA343}.Release|Any CPU.ActiveCfg = Release|Any CPU
		{EEBFBE07-69A7-6270-68DB-08DDB97BA343}.Release|Any CPU.Build.0 = Release|Any CPU
		{F573CD38-9318-5A62-B02C-C444E1C4BBB8}.Debug|Any CPU.ActiveCfg = Debug|Any CPU
		{F573CD38-9318-5A62-B02C-C444E1C4BBB8}.Debug|Any CPU.Build.0 = Debug|Any CPU
		{F573CD38-9318-5A62-B02C-C444E1C4BBB8}.Release|Any CPU.ActiveCfg = Release|Any CPU
		{F573CD38-9318-5A62-B02C-C444E1C4BBB8}.Release|Any CPU.Build.0 = Release|Any CPU
		{EA6AF5A4-F949-CB62-C3C3-3E7CD119A8A0}.Debug|Any CPU.ActiveCfg = Debug|Any CPU
		{EA6AF5A4-F949-CB62-C3C3-3E7CD119A8A0}.Debug|Any CPU.Build.0 = Debug|Any CPU
		{EA6AF5A4-F949-CB62-C3C3-3E7CD119A8A0}.Release|Any CPU.ActiveCfg = Release|Any CPU
		{EA6AF5A4-F949-CB62-C3C3-3E7CD119A8A0}.Release|Any CPU.Build.0 = Release|Any CPU
		{E39116CD-D9A7-B303-8E42-CA815A071C36}.Debug|Any CPU.ActiveCfg = Debug|Any CPU
		{E39116CD-D9A7-B303-8E42-CA815A071C36}.Debug|Any CPU.Build.0 = Debug|Any CPU
		{E39116CD-D9A7-B303-8E42-CA815A071C36}.Release|Any CPU.ActiveCfg = Release|Any CPU
		{E39116CD-D9A7-B303-8E42-CA815A071C36}.Release|Any CPU.Build.0 = Release|Any CPU
		{71A0991A-58F2-746B-6142-A397FE616F56}.Debug|Any CPU.ActiveCfg = Debug|Any CPU
		{71A0991A-58F2-746B-6142-A397FE616F56}.Debug|Any CPU.Build.0 = Debug|Any CPU
		{71A0991A-58F2-746B-6142-A397FE616F56}.Release|Any CPU.ActiveCfg = Release|Any CPU
		{71A0991A-58F2-746B-6142-A397FE616F56}.Release|Any CPU.Build.0 = Release|Any CPU
		{72A25DED-F387-300B-83A5-0A3457340E16}.Debug|Any CPU.ActiveCfg = Debug|Any CPU
		{72A25DED-F387-300B-83A5-0A3457340E16}.Debug|Any CPU.Build.0 = Debug|Any CPU
		{72A25DED-F387-300B-83A5-0A3457340E16}.Release|Any CPU.ActiveCfg = Release|Any CPU
		{72A25DED-F387-300B-83A5-0A3457340E16}.Release|Any CPU.Build.0 = Release|Any CPU
		{40B22DC3-DF72-17C8-859A-596212CEB3AE}.Debug|Any CPU.ActiveCfg = Debug|Any CPU
		{40B22DC3-DF72-17C8-859A-596212CEB3AE}.Debug|Any CPU.Build.0 = Debug|Any CPU
		{40B22DC3-DF72-17C8-859A-596212CEB3AE}.Release|Any CPU.ActiveCfg = Release|Any CPU
		{40B22DC3-DF72-17C8-859A-596212CEB3AE}.Release|Any CPU.Build.0 = Release|Any CPU
		{FE07FBDD-0532-7AFA-4601-5F12AF966D0E}.Debug|Any CPU.ActiveCfg = Debug|Any CPU
		{FE07FBDD-0532-7AFA-4601-5F12AF966D0E}.Debug|Any CPU.Build.0 = Debug|Any CPU
		{FE07FBDD-0532-7AFA-4601-5F12AF966D0E}.Release|Any CPU.ActiveCfg = Release|Any CPU
		{FE07FBDD-0532-7AFA-4601-5F12AF966D0E}.Release|Any CPU.Build.0 = Release|Any CPU
		{8B47ACF3-E8F3-BD1D-0847-C1B1D1A8D1CF}.Debug|Any CPU.ActiveCfg = Debug|Any CPU
		{8B47ACF3-E8F3-BD1D-0847-C1B1D1A8D1CF}.Debug|Any CPU.Build.0 = Debug|Any CPU
		{8B47ACF3-E8F3-BD1D-0847-C1B1D1A8D1CF}.Release|Any CPU.ActiveCfg = Release|Any CPU
		{8B47ACF3-E8F3-BD1D-0847-C1B1D1A8D1CF}.Release|Any CPU.Build.0 = Release|Any CPU
		{F03DBCE3-7172-77EA-556D-5DDE5CA90BF6}.Debug|Any CPU.ActiveCfg = Debug|Any CPU
		{F03DBCE3-7172-77EA-556D-5DDE5CA90BF6}.Debug|Any CPU.Build.0 = Debug|Any CPU
		{F03DBCE3-7172-77EA-556D-5DDE5CA90BF6}.Release|Any CPU.ActiveCfg = Release|Any CPU
		{F03DBCE3-7172-77EA-556D-5DDE5CA90BF6}.Release|Any CPU.Build.0 = Release|Any CPU
		{3363A1BE-2905-7F0C-7CB8-6EB582E113D1}.Debug|Any CPU.ActiveCfg = Debug|Any CPU
		{3363A1BE-2905-7F0C-7CB8-6EB582E113D1}.Debug|Any CPU.Build.0 = Debug|Any CPU
		{3363A1BE-2905-7F0C-7CB8-6EB582E113D1}.Release|Any CPU.ActiveCfg = Release|Any CPU
		{3363A1BE-2905-7F0C-7CB8-6EB582E113D1}.Release|Any CPU.Build.0 = Release|Any CPU
		{7D40600D-28D5-94BE-645D-70B1888DD00B}.Debug|Any CPU.ActiveCfg = Debug|Any CPU
		{7D40600D-28D5-94BE-645D-70B1888DD00B}.Debug|Any CPU.Build.0 = Debug|Any CPU
		{7D40600D-28D5-94BE-645D-70B1888DD00B}.Release|Any CPU.ActiveCfg = Release|Any CPU
		{7D40600D-28D5-94BE-645D-70B1888DD00B}.Release|Any CPU.Build.0 = Release|Any CPU
		{EB836E3B-1A4F-9B87-8444-9F6815723C39}.Debug|Any CPU.ActiveCfg = Debug|Any CPU
		{EB836E3B-1A4F-9B87-8444-9F6815723C39}.Debug|Any CPU.Build.0 = Debug|Any CPU
		{EB836E3B-1A4F-9B87-8444-9F6815723C39}.Release|Any CPU.ActiveCfg = Release|Any CPU
		{EB836E3B-1A4F-9B87-8444-9F6815723C39}.Release|Any CPU.Build.0 = Release|Any CPU
		{5B9AB158-780D-075F-7030-5E2DED2A9081}.Debug|Any CPU.ActiveCfg = Debug|Any CPU
		{5B9AB158-780D-075F-7030-5E2DED2A9081}.Debug|Any CPU.Build.0 = Debug|Any CPU
		{5B9AB158-780D-075F-7030-5E2DED2A9081}.Release|Any CPU.ActiveCfg = Release|Any CPU
		{5B9AB158-780D-075F-7030-5E2DED2A9081}.Release|Any CPU.Build.0 = Release|Any CPU
		{35D4EF87-815A-EF32-28D5-12EBCFF76312}.Debug|Any CPU.ActiveCfg = Debug|Any CPU
		{35D4EF87-815A-EF32-28D5-12EBCFF76312}.Debug|Any CPU.Build.0 = Debug|Any CPU
		{35D4EF87-815A-EF32-28D5-12EBCFF76312}.Release|Any CPU.ActiveCfg = Release|Any CPU
		{35D4EF87-815A-EF32-28D5-12EBCFF76312}.Release|Any CPU.Build.0 = Release|Any CPU
		{473E2D78-4BFA-3DC3-97F5-5827E7B7A8BB}.Debug|Any CPU.ActiveCfg = Debug|Any CPU
		{473E2D78-4BFA-3DC3-97F5-5827E7B7A8BB}.Debug|Any CPU.Build.0 = Debug|Any CPU
		{473E2D78-4BFA-3DC3-97F5-5827E7B7A8BB}.Release|Any CPU.ActiveCfg = Release|Any CPU
		{473E2D78-4BFA-3DC3-97F5-5827E7B7A8BB}.Release|Any CPU.Build.0 = Release|Any CPU
		{D4FD29C4-9AA1-F251-0566-FC4C7ACF14E2}.Debug|Any CPU.ActiveCfg = Debug|Any CPU
		{D4FD29C4-9AA1-F251-0566-FC4C7ACF14E2}.Debug|Any CPU.Build.0 = Debug|Any CPU
		{D4FD29C4-9AA1-F251-0566-FC4C7ACF14E2}.Release|Any CPU.ActiveCfg = Release|Any CPU
		{D4FD29C4-9AA1-F251-0566-FC4C7ACF14E2}.Release|Any CPU.Build.0 = Release|Any CPU
		{E3D7255C-BF43-D9F9-E6D2-4C55BBE0B399}.Debug|Any CPU.ActiveCfg = Debug|Any CPU
		{E3D7255C-BF43-D9F9-E6D2-4C55BBE0B399}.Debug|Any CPU.Build.0 = Debug|Any CPU
		{E3D7255C-BF43-D9F9-E6D2-4C55BBE0B399}.Release|Any CPU.ActiveCfg = Release|Any CPU
		{E3D7255C-BF43-D9F9-E6D2-4C55BBE0B399}.Release|Any CPU.Build.0 = Release|Any CPU
		{B02699D4-51A2-99E0-4F1F-BDE17A090A97}.Debug|Any CPU.ActiveCfg = Debug|Any CPU
		{B02699D4-51A2-99E0-4F1F-BDE17A090A97}.Debug|Any CPU.Build.0 = Debug|Any CPU
		{B02699D4-51A2-99E0-4F1F-BDE17A090A97}.Release|Any CPU.ActiveCfg = Release|Any CPU
		{B02699D4-51A2-99E0-4F1F-BDE17A090A97}.Release|Any CPU.Build.0 = Release|Any CPU
		{FB78D35F-FD1B-E0DA-3F0A-DE946CBB3954}.Debug|Any CPU.ActiveCfg = Debug|Any CPU
		{FB78D35F-FD1B-E0DA-3F0A-DE946CBB3954}.Debug|Any CPU.Build.0 = Debug|Any CPU
		{FB78D35F-FD1B-E0DA-3F0A-DE946CBB3954}.Release|Any CPU.ActiveCfg = Release|Any CPU
		{FB78D35F-FD1B-E0DA-3F0A-DE946CBB3954}.Release|Any CPU.Build.0 = Release|Any CPU
		{3BC77ABE-94B2-2DA6-2D78-27A62D18C44E}.Debug|Any CPU.ActiveCfg = Debug|Any CPU
		{3BC77ABE-94B2-2DA6-2D78-27A62D18C44E}.Debug|Any CPU.Build.0 = Debug|Any CPU
		{3BC77ABE-94B2-2DA6-2D78-27A62D18C44E}.Release|Any CPU.ActiveCfg = Release|Any CPU
		{3BC77ABE-94B2-2DA6-2D78-27A62D18C44E}.Release|Any CPU.Build.0 = Release|Any CPU
		{E865580A-1270-C874-8205-250B7A02722D}.Debug|Any CPU.ActiveCfg = Debug|Any CPU
		{E865580A-1270-C874-8205-250B7A02722D}.Debug|Any CPU.Build.0 = Debug|Any CPU
		{E865580A-1270-C874-8205-250B7A02722D}.Release|Any CPU.ActiveCfg = Release|Any CPU
		{E865580A-1270-C874-8205-250B7A02722D}.Release|Any CPU.Build.0 = Release|Any CPU
		{6B28A684-FD92-4FD0-9897-8B04DB607E3F}.Debug|Any CPU.ActiveCfg = Debug|Any CPU
		{6B28A684-FD92-4FD0-9897-8B04DB607E3F}.Debug|Any CPU.Build.0 = Debug|Any CPU
		{6B28A684-FD92-4FD0-9897-8B04DB607E3F}.Release|Any CPU.ActiveCfg = Release|Any CPU
		{6B28A684-FD92-4FD0-9897-8B04DB607E3F}.Release|Any CPU.Build.0 = Release|Any CPU
		{81F3618A-DB59-091B-AC8D-0592D2374F34}.Debug|Any CPU.ActiveCfg = Debug|Any CPU
		{81F3618A-DB59-091B-AC8D-0592D2374F34}.Debug|Any CPU.Build.0 = Debug|Any CPU
		{81F3618A-DB59-091B-AC8D-0592D2374F34}.Release|Any CPU.ActiveCfg = Release|Any CPU
		{81F3618A-DB59-091B-AC8D-0592D2374F34}.Release|Any CPU.Build.0 = Release|Any CPU
		{CD9CB78D-4AD2-1B17-1461-1B73F0251AF0}.Debug|Any CPU.ActiveCfg = Debug|Any CPU
		{CD9CB78D-4AD2-1B17-1461-1B73F0251AF0}.Debug|Any CPU.Build.0 = Debug|Any CPU
		{CD9CB78D-4AD2-1B17-1461-1B73F0251AF0}.Release|Any CPU.ActiveCfg = Release|Any CPU
		{CD9CB78D-4AD2-1B17-1461-1B73F0251AF0}.Release|Any CPU.Build.0 = Release|Any CPU
		{20DBEE05-9958-3F9F-4ADA-18F4EF6D634C}.Debug|Any CPU.ActiveCfg = Debug|Any CPU
		{20DBEE05-9958-3F9F-4ADA-18F4EF6D634C}.Debug|Any CPU.Build.0 = Debug|Any CPU
		{20DBEE05-9958-3F9F-4ADA-18F4EF6D634C}.Release|Any CPU.ActiveCfg = Release|Any CPU
		{20DBEE05-9958-3F9F-4ADA-18F4EF6D634C}.Release|Any CPU.Build.0 = Release|Any CPU
		{8B0A7E75-97B9-E944-66C0-C9DC395B3244}.Debug|Any CPU.ActiveCfg = Debug|Any CPU
		{8B0A7E75-97B9-E944-66C0-C9DC395B3244}.Debug|Any CPU.Build.0 = Debug|Any CPU
		{8B0A7E75-97B9-E944-66C0-C9DC395B3244}.Release|Any CPU.ActiveCfg = Release|Any CPU
		{8B0A7E75-97B9-E944-66C0-C9DC395B3244}.Release|Any CPU.Build.0 = Release|Any CPU
		{CE774B13-DA4C-4567-5CA7-1BCE0C46697B}.Debug|Any CPU.ActiveCfg = Debug|Any CPU
		{CE774B13-DA4C-4567-5CA7-1BCE0C46697B}.Debug|Any CPU.Build.0 = Debug|Any CPU
		{CE774B13-DA4C-4567-5CA7-1BCE0C46697B}.Release|Any CPU.ActiveCfg = Release|Any CPU
		{CE774B13-DA4C-4567-5CA7-1BCE0C46697B}.Release|Any CPU.Build.0 = Release|Any CPU
		{7590E704-2330-097C-9470-3E39B6735555}.Debug|Any CPU.ActiveCfg = Debug|Any CPU
		{7590E704-2330-097C-9470-3E39B6735555}.Debug|Any CPU.Build.0 = Debug|Any CPU
		{7590E704-2330-097C-9470-3E39B6735555}.Release|Any CPU.ActiveCfg = Release|Any CPU
		{7590E704-2330-097C-9470-3E39B6735555}.Release|Any CPU.Build.0 = Release|Any CPU
		{0928C464-515E-8854-2AAF-8ED1B2724437}.Debug|Any CPU.ActiveCfg = Debug|Any CPU
		{0928C464-515E-8854-2AAF-8ED1B2724437}.Debug|Any CPU.Build.0 = Debug|Any CPU
		{0928C464-515E-8854-2AAF-8ED1B2724437}.Release|Any CPU.ActiveCfg = Release|Any CPU
		{0928C464-515E-8854-2AAF-8ED1B2724437}.Release|Any CPU.Build.0 = Release|Any CPU
		{7F0F4091-FCF7-D194-13C2-D7533C500929}.Debug|Any CPU.ActiveCfg = Debug|Any CPU
		{7F0F4091-FCF7-D194-13C2-D7533C500929}.Debug|Any CPU.Build.0 = Debug|Any CPU
		{7F0F4091-FCF7-D194-13C2-D7533C500929}.Release|Any CPU.ActiveCfg = Release|Any CPU
		{7F0F4091-FCF7-D194-13C2-D7533C500929}.Release|Any CPU.Build.0 = Release|Any CPU
		{4A7BA8C4-C341-F139-89EE-78BF46FFFDDC}.Debug|Any CPU.ActiveCfg = Debug|Any CPU
		{4A7BA8C4-C341-F139-89EE-78BF46FFFDDC}.Debug|Any CPU.Build.0 = Debug|Any CPU
		{4A7BA8C4-C341-F139-89EE-78BF46FFFDDC}.Release|Any CPU.ActiveCfg = Release|Any CPU
		{4A7BA8C4-C341-F139-89EE-78BF46FFFDDC}.Release|Any CPU.Build.0 = Release|Any CPU
		{9DFA1B2D-4928-7568-F543-75E6CB05F251}.Debug|Any CPU.ActiveCfg = Debug|Any CPU
		{9DFA1B2D-4928-7568-F543-75E6CB05F251}.Debug|Any CPU.Build.0 = Debug|Any CPU
		{9DFA1B2D-4928-7568-F543-75E6CB05F251}.Release|Any CPU.ActiveCfg = Release|Any CPU
		{9DFA1B2D-4928-7568-F543-75E6CB05F251}.Release|Any CPU.Build.0 = Release|Any CPU
		{C113088B-E366-D1CB-E2CC-3CBCDBCA3CA8}.Debug|Any CPU.ActiveCfg = Debug|Any CPU
		{C113088B-E366-D1CB-E2CC-3CBCDBCA3CA8}.Debug|Any CPU.Build.0 = Debug|Any CPU
		{C113088B-E366-D1CB-E2CC-3CBCDBCA3CA8}.Release|Any CPU.ActiveCfg = Release|Any CPU
		{C113088B-E366-D1CB-E2CC-3CBCDBCA3CA8}.Release|Any CPU.Build.0 = Release|Any CPU
		{43360412-7868-B962-ED64-79AE9EC27F20}.Debug|Any CPU.ActiveCfg = Debug|Any CPU
		{43360412-7868-B962-ED64-79AE9EC27F20}.Debug|Any CPU.Build.0 = Debug|Any CPU
		{43360412-7868-B962-ED64-79AE9EC27F20}.Release|Any CPU.ActiveCfg = Release|Any CPU
		{43360412-7868-B962-ED64-79AE9EC27F20}.Release|Any CPU.Build.0 = Release|Any CPU
		{ED7EB37A-03C4-3FBD-6421-0FEC59C0D1EF}.Debug|Any CPU.ActiveCfg = Debug|Any CPU
		{ED7EB37A-03C4-3FBD-6421-0FEC59C0D1EF}.Debug|Any CPU.Build.0 = Debug|Any CPU
		{ED7EB37A-03C4-3FBD-6421-0FEC59C0D1EF}.Release|Any CPU.ActiveCfg = Release|Any CPU
		{ED7EB37A-03C4-3FBD-6421-0FEC59C0D1EF}.Release|Any CPU.Build.0 = Release|Any CPU
		{1CF4FD3A-5597-6F11-A733-B8D9B6315034}.Debug|Any CPU.ActiveCfg = Debug|Any CPU
		{1CF4FD3A-5597-6F11-A733-B8D9B6315034}.Debug|Any CPU.Build.0 = Debug|Any CPU
		{1CF4FD3A-5597-6F11-A733-B8D9B6315034}.Release|Any CPU.ActiveCfg = Release|Any CPU
		{1CF4FD3A-5597-6F11-A733-B8D9B6315034}.Release|Any CPU.Build.0 = Release|Any CPU
		{3194440B-5414-0CE2-E89F-B19EDF9752F4}.Debug|Any CPU.ActiveCfg = Debug|Any CPU
		{3194440B-5414-0CE2-E89F-B19EDF9752F4}.Debug|Any CPU.Build.0 = Debug|Any CPU
		{3194440B-5414-0CE2-E89F-B19EDF9752F4}.Release|Any CPU.ActiveCfg = Release|Any CPU
		{3194440B-5414-0CE2-E89F-B19EDF9752F4}.Release|Any CPU.Build.0 = Release|Any CPU
		{9CF070F8-C64B-AE66-2C89-E4DAC5BB954F}.Debug|Any CPU.ActiveCfg = Debug|Any CPU
		{9CF070F8-C64B-AE66-2C89-E4DAC5BB954F}.Debug|Any CPU.Build.0 = Debug|Any CPU
		{9CF070F8-C64B-AE66-2C89-E4DAC5BB954F}.Release|Any CPU.ActiveCfg = Release|Any CPU
		{9CF070F8-C64B-AE66-2C89-E4DAC5BB954F}.Release|Any CPU.Build.0 = Release|Any CPU
		{DA189F98-D53A-E2C8-EA5F-3A0AEFF737FD}.Debug|Any CPU.ActiveCfg = Debug|Any CPU
		{DA189F98-D53A-E2C8-EA5F-3A0AEFF737FD}.Debug|Any CPU.Build.0 = Debug|Any CPU
		{DA189F98-D53A-E2C8-EA5F-3A0AEFF737FD}.Release|Any CPU.ActiveCfg = Release|Any CPU
		{DA189F98-D53A-E2C8-EA5F-3A0AEFF737FD}.Release|Any CPU.Build.0 = Release|Any CPU
		{1E1DD062-7031-CAF0-3C04-E9F05F1457E9}.Debug|Any CPU.ActiveCfg = Debug|Any CPU
		{1E1DD062-7031-CAF0-3C04-E9F05F1457E9}.Debug|Any CPU.Build.0 = Debug|Any CPU
		{1E1DD062-7031-CAF0-3C04-E9F05F1457E9}.Release|Any CPU.ActiveCfg = Release|Any CPU
		{1E1DD062-7031-CAF0-3C04-E9F05F1457E9}.Release|Any CPU.Build.0 = Release|Any CPU
		{17C7B10E-721E-78C9-8EC1-03CE4D9BCEC4}.Debug|Any CPU.ActiveCfg = Debug|Any CPU
		{17C7B10E-721E-78C9-8EC1-03CE4D9BCEC4}.Debug|Any CPU.Build.0 = Debug|Any CPU
		{17C7B10E-721E-78C9-8EC1-03CE4D9BCEC4}.Release|Any CPU.ActiveCfg = Release|Any CPU
		{17C7B10E-721E-78C9-8EC1-03CE4D9BCEC4}.Release|Any CPU.Build.0 = Release|Any CPU
	EndGlobalSection
	GlobalSection(SolutionProperties) = preSolution
		HideSolutionNode = FALSE
	EndGlobalSection
EndGlobal
